
Microsoft Visual Studio Solution File, Format Version 12.00
# Visual Studio Version 17
VisualStudioVersion = 17.11.35312.102
MinimumVisualStudioVersion = 10.0.40219.1
Project("{FAE04EC0-301F-11D3-BF4B-00C04F79EFBC}") = "Hackathon.Service", "Hackathon.Service\Hackathon.Service.csproj", "{4F2FDEF4-90C4-4DCF-B479-C530C477D387}"
EndProject
Project("{FAE04EC0-301F-11D3-BF4B-00C04F79EFBC}") = "Hackathon.Service.Common", "Hackathon.Service.Common\Hackathon.Service.Common.csproj", "{A02DB75C-B422-4159-82AE-CB0DA9F4DD63}"
EndProject
Project("{FAE04EC0-301F-11D3-BF4B-00C04F79EFBC}") = "Hackathon.Service.DAL", "Hackathon.Service.DAL\Hackathon.Service.DAL.csproj", "{48FB584D-EF1F-41B6-AD1A-11B4D177C658}"
EndProject
Global
	GlobalSection(SolutionConfigurationPlatforms) = preSolution
		Debug|Any CPU = Debug|Any CPU
		Release|Any CPU = Release|Any CPU
	EndGlobalSection
	GlobalSection(ProjectConfigurationPlatforms) = postSolution
		{4F2FDEF4-90C4-4DCF-B479-C530C477D387}.Debug|Any CPU.ActiveCfg = Debug|Any CPU
		{4F2FDEF4-90C4-4DCF-B479-C530C477D387}.Debug|Any CPU.Build.0 = Debug|Any CPU
		{4F2FDEF4-90C4-4DCF-B479-C530C477D387}.Release|Any CPU.ActiveCfg = Release|Any CPU
		{4F2FDEF4-90C4-4DCF-B479-C530C477D387}.Release|Any CPU.Build.0 = Release|Any CPU
		{A02DB75C-B422-4159-82AE-CB0DA9F4DD63}.Debug|Any CPU.ActiveCfg = Debug|Any CPU
		{A02DB75C-B422-4159-82AE-CB0DA9F4DD63}.Debug|Any CPU.Build.0 = Debug|Any CPU
		{A02DB75C-B422-4159-82AE-CB0DA9F4DD63}.Release|Any CPU.ActiveCfg = Release|Any CPU
		{A02DB75C-B422-4159-82AE-CB0DA9F4DD63}.Release|Any CPU.Build.0 = Release|Any CPU
		{48FB584D-EF1F-41B6-AD1A-11B4D177C658}.Debug|Any CPU.ActiveCfg = Debug|Any CPU
		{48FB584D-EF1F-41B6-AD1A-11B4D177C658}.Debug|Any CPU.Build.0 = Debug|Any CPU
		{48FB584D-EF1F-41B6-AD1A-11B4D177C658}.Release|Any CPU.ActiveCfg = Release|Any CPU
		{48FB584D-EF1F-41B6-AD1A-11B4D177C658}.Release|Any CPU.Build.0 = Release|Any CPU
	EndGlobalSection
	GlobalSection(SolutionProperties) = preSolution
		HideSolutionNode = FALSE
	EndGlobalSection
	GlobalSection(ExtensibilityGlobals) = postSolution
		SolutionGuid = {92194CBB-1E57-474B-AB4C-BFFAAE4C6FD5}
	EndGlobalSection
EndGlobal
